
Microsoft Visual Studio Solution File, Format Version 12.00
# Visual Studio 15
VisualStudioVersion = 15.0.26430.6
MinimumVisualStudioVersion = 10.0.40219.1
Project("{9A19103F-16F7-4668-BE54-9A1E7A4F7556}") = "CSBI.Clients.BLL", "CSBI.Clients.BL\CSBI.Clients.BLL.csproj", "{2EE36ED6-3187-49D1-A875-50B919212146}"
EndProject
Project("{9A19103F-16F7-4668-BE54-9A1E7A4F7556}") = "CSBI.Clients.DAL", "CSBI.Clients.DAL\CSBI.Clients.DAL.csproj", "{5035C3F2-14BB-4723-88D3-8D2433115FEF}"
EndProject
Project("{9A19103F-16F7-4668-BE54-9A1E7A4F7556}") = "CSBI.Clients.API", "CSBI.Clients.API\CSBI.Clients.API.csproj", "{FB68461D-1BE9-459B-BD55-296170AEA0C6}"
EndProject
Project("{2150E333-8FDC-42A3-9474-1A3956D46DE8}") = "Tests", "Tests", "{E528B075-5FB3-444E-B3B0-76EDFBDCBEB4}"
EndProject
Project("{2150E333-8FDC-42A3-9474-1A3956D46DE8}") = "Unit", "Unit", "{DBFA91A6-96F2-4DFD-8B6A-4B4A90718900}"
EndProject
Project("{2150E333-8FDC-42A3-9474-1A3956D46DE8}") = "Finctional", "Finctional", "{44D035A2-BA7A-4E07-A67F-5077042A3DA6}"
EndProject
Project("{9A19103F-16F7-4668-BE54-9A1E7A4F7556}") = "CSBI.Clients.BL.Tests", "Tests\Unit\CSBI.Clients.BL.Tests\CSBI.Clients.BL.Tests.csproj", "{226C71C1-3793-4AAE-A063-6425C4230A04}"
EndProject
Project("{9A19103F-16F7-4668-BE54-9A1E7A4F7556}") = "CSBI.Clients.DAL.Tests", "Tests\Unit\CSBI.Clients.DAL.Tests\CSBI.Clients.DAL.Tests.csproj", "{C8C2EB68-617F-4FD2-9185-B26A2025AA79}"
EndProject
Project("{9A19103F-16F7-4668-BE54-9A1E7A4F7556}") = "CSBI.Clients.API.Tests", "Tests\Functional\CSBI.Clients.API.Tests\CSBI.Clients.API.Tests.csproj", "{82823C5B-7B36-4664-B738-20A20BAA453A}"
EndProject
Project("{00D1A9C2-B5F0-4AF3-8072-F6C62B433612}") = "CSBI.Clients.DB", "CSBI.Clients.DB\CSBI.Clients.DB.sqlproj", "{BBDE7CAB-4919-4D25-B77E-E51CE77D5518}"
EndProject
Global
	GlobalSection(SolutionConfigurationPlatforms) = preSolution
		Debug|Any CPU = Debug|Any CPU
		Release|Any CPU = Release|Any CPU
	EndGlobalSection
	GlobalSection(ProjectConfigurationPlatforms) = postSolution
		{2EE36ED6-3187-49D1-A875-50B919212146}.Debug|Any CPU.ActiveCfg = Debug|Any CPU
		{2EE36ED6-3187-49D1-A875-50B919212146}.Debug|Any CPU.Build.0 = Debug|Any CPU
		{2EE36ED6-3187-49D1-A875-50B919212146}.Release|Any CPU.ActiveCfg = Release|Any CPU
		{2EE36ED6-3187-49D1-A875-50B919212146}.Release|Any CPU.Build.0 = Release|Any CPU
		{5035C3F2-14BB-4723-88D3-8D2433115FEF}.Debug|Any CPU.ActiveCfg = Debug|Any CPU
		{5035C3F2-14BB-4723-88D3-8D2433115FEF}.Debug|Any CPU.Build.0 = Debug|Any CPU
		{5035C3F2-14BB-4723-88D3-8D2433115FEF}.Release|Any CPU.ActiveCfg = Release|Any CPU
		{5035C3F2-14BB-4723-88D3-8D2433115FEF}.Release|Any CPU.Build.0 = Release|Any CPU
		{FB68461D-1BE9-459B-BD55-296170AEA0C6}.Debug|Any CPU.ActiveCfg = Debug|Any CPU
		{FB68461D-1BE9-459B-BD55-296170AEA0C6}.Debug|Any CPU.Build.0 = Debug|Any CPU
		{FB68461D-1BE9-459B-BD55-296170AEA0C6}.Release|Any CPU.ActiveCfg = Release|Any CPU
		{FB68461D-1BE9-459B-BD55-296170AEA0C6}.Release|Any CPU.Build.0 = Release|Any CPU
		{226C71C1-3793-4AAE-A063-6425C4230A04}.Debug|Any CPU.ActiveCfg = Debug|Any CPU
		{226C71C1-3793-4AAE-A063-6425C4230A04}.Debug|Any CPU.Build.0 = Debug|Any CPU
		{226C71C1-3793-4AAE-A063-6425C4230A04}.Release|Any CPU.ActiveCfg = Release|Any CPU
		{226C71C1-3793-4AAE-A063-6425C4230A04}.Release|Any CPU.Build.0 = Release|Any CPU
		{C8C2EB68-617F-4FD2-9185-B26A2025AA79}.Debug|Any CPU.ActiveCfg = Debug|Any CPU
		{C8C2EB68-617F-4FD2-9185-B26A2025AA79}.Debug|Any CPU.Build.0 = Debug|Any CPU
		{C8C2EB68-617F-4FD2-9185-B26A2025AA79}.Release|Any CPU.ActiveCfg = Release|Any CPU
		{C8C2EB68-617F-4FD2-9185-B26A2025AA79}.Release|Any CPU.Build.0 = Release|Any CPU
		{82823C5B-7B36-4664-B738-20A20BAA453A}.Debug|Any CPU.ActiveCfg = Debug|Any CPU
		{82823C5B-7B36-4664-B738-20A20BAA453A}.Debug|Any CPU.Build.0 = Debug|Any CPU
		{82823C5B-7B36-4664-B738-20A20BAA453A}.Release|Any CPU.ActiveCfg = Release|Any CPU
		{82823C5B-7B36-4664-B738-20A20BAA453A}.Release|Any CPU.Build.0 = Release|Any CPU
		{BBDE7CAB-4919-4D25-B77E-E51CE77D5518}.Debug|Any CPU.ActiveCfg = Debug|Any CPU
		{BBDE7CAB-4919-4D25-B77E-E51CE77D5518}.Debug|Any CPU.Build.0 = Debug|Any CPU
		{BBDE7CAB-4919-4D25-B77E-E51CE77D5518}.Debug|Any CPU.Deploy.0 = Debug|Any CPU
		{BBDE7CAB-4919-4D25-B77E-E51CE77D5518}.Release|Any CPU.ActiveCfg = Release|Any CPU
		{BBDE7CAB-4919-4D25-B77E-E51CE77D5518}.Release|Any CPU.Build.0 = Release|Any CPU
		{BBDE7CAB-4919-4D25-B77E-E51CE77D5518}.Release|Any CPU.Deploy.0 = Release|Any CPU
	EndGlobalSection
	GlobalSection(SolutionProperties) = preSolution
		HideSolutionNode = FALSE
	EndGlobalSection
	GlobalSection(NestedProjects) = preSolution
		{DBFA91A6-96F2-4DFD-8B6A-4B4A90718900} = {E528B075-5FB3-444E-B3B0-76EDFBDCBEB4}
		{44D035A2-BA7A-4E07-A67F-5077042A3DA6} = {E528B075-5FB3-444E-B3B0-76EDFBDCBEB4}
		{226C71C1-3793-4AAE-A063-6425C4230A04} = {DBFA91A6-96F2-4DFD-8B6A-4B4A90718900}
		{C8C2EB68-617F-4FD2-9185-B26A2025AA79} = {DBFA91A6-96F2-4DFD-8B6A-4B4A90718900}
		{82823C5B-7B36-4664-B738-20A20BAA453A} = {44D035A2-BA7A-4E07-A67F-5077042A3DA6}
	EndGlobalSection
EndGlobal
